{
  "pins" : [
    {
      "identity" : "spline-ios",
      "kind" : "remoteSourceControl",
      "location" : "https://github.com/splinetool/spline-ios",
      "state" : {
        "branch" : "main",
        "revision" : "34860243161639dd74379dec3c0a7de8d683b5cc"
      }
    }
  ],
  "version" : 2
}
