// !$*UTF8*$!
{
	archiveVersion = 1;
	classes = {
	};
	objectVersion = 56;
	objects = {

/* Begin PBXBuildFile section */
		DC03E6F42C1AD70900E6D022 /* Mini2_testApp.swift in Sources */ = {isa = PBXBuildFile; fileRef = DC03E6F32C1AD70900E6D022 /* Mini2_testApp.swift */; };
		DC03E6F62C1AD70900E6D022 /* ContentView.swift in Sources */ = {isa = PBXBuildFile; fileRef = DC03E6F52C1AD70900E6D022 /* ContentView.swift */; };
		DC03E6F82C1AD70A00E6D022 /* Assets.xcassets in Resources */ = {isa = PBXBuildFile; fileRef = DC03E6F72C1AD70A00E6D022 /* Assets.xcassets */; };
		DC03E6FB2C1AD70A00E6D022 /* Preview Assets.xcassets in Resources */ = {isa = PBXBuildFile; fileRef = DC03E6FA2C1AD70A00E6D022 /* Preview Assets.xcassets */; };
		DC03E7052C21C2D400E6D022 /* NutritionTargetView.swift in Sources */ = {isa = PBXBuildFile; fileRef = DC03E7042C21C2D400E6D022 /* NutritionTargetView.swift */; };
		DC03E7082C21D18D00E6D022 /* NutritionTargetTextView.swift in Sources */ = {isa = PBXBuildFile; fileRef = DC03E7072C21D18D00E6D022 /* NutritionTargetTextView.swift */; };
		DC03E70A2C21DAD200E6D022 /* HomeView.swift in Sources */ = {isa = PBXBuildFile; fileRef = DC03E7092C21DAD200E6D022 /* HomeView.swift */; };
		DC03E70E2C21E31900E6D022 /* CircularProgressView.swift in Sources */ = {isa = PBXBuildFile; fileRef = DC03E70D2C21E31900E6D022 /* CircularProgressView.swift */; };
		DC03E7112C22C4B500E6D022 /* User.swift in Sources */ = {isa = PBXBuildFile; fileRef = DC03E7102C22C4B500E6D022 /* User.swift */; };
		DC03E7132C22C87100E6D022 /* Cat.swift in Sources */ = {isa = PBXBuildFile; fileRef = DC03E7122C22C87100E6D022 /* Cat.swift */; };
		DC03E7152C22C8BB00E6D022 /* DailyNutrition.swift in Sources */ = {isa = PBXBuildFile; fileRef = DC03E7142C22C8BB00E6D022 /* DailyNutrition.swift */; };
		DC03E7172C22C91000E6D022 /* Badge.swift in Sources */ = {isa = PBXBuildFile; fileRef = DC03E7162C22C91000E6D022 /* Badge.swift */; };
		DC03E7192C241E3200E6D022 /* BadgesView.swift in Sources */ = {isa = PBXBuildFile; fileRef = DC03E7182C241E3200E6D022 /* BadgesView.swift */; };
		DC594E872C29889D00C41A50 /* FoodInfo.swift in Sources */ = {isa = PBXBuildFile; fileRef = DC594E862C29889D00C41A50 /* FoodInfo.swift */; };
		DC594E892C2AB3DE00C41A50 /* CustomAlertView.swift in Sources */ = {isa = PBXBuildFile; fileRef = DC594E882C2AB3DE00C41A50 /* CustomAlertView.swift */; };
		DC60B8C12C258AD500558D0E /* HalfCircularProgressView.swift in Sources */ = {isa = PBXBuildFile; fileRef = DC60B8C02C258AD500558D0E /* HalfCircularProgressView.swift */; };
		DC60B8C32C25971500558D0E /* ToolBarIcon.swift in Sources */ = {isa = PBXBuildFile; fileRef = DC60B8C22C25971500558D0E /* ToolBarIcon.swift */; };
		DC60B8C52C27209200558D0E /* CustomButton.swift in Sources */ = {isa = PBXBuildFile; fileRef = DC60B8C42C27209200558D0E /* CustomButton.swift */; };
		DC6698222C294E1500F44BEF /* Challenge.swift in Sources */ = {isa = PBXBuildFile; fileRef = DC6698212C294E1500F44BEF /* Challenge.swift */; };
		DC6698262C29628B00F44BEF /* Nutrition.swift in Sources */ = {isa = PBXBuildFile; fileRef = DC6698252C29628B00F44BEF /* Nutrition.swift */; };
		DC8D03E92C288CAF00C64E5C /* ChallengeListItem.swift in Sources */ = {isa = PBXBuildFile; fileRef = DC8D03E82C288CAF00C64E5C /* ChallengeListItem.swift */; };
		F883FEA92C2C1436003112AF /* OnboardingView.swift in Sources */ = {isa = PBXBuildFile; fileRef = F883FEA82C2C1436003112AF /* OnboardingView.swift */; };
/* End PBXBuildFile section */

/* Begin PBXFileReference section */
		DC03E6F02C1AD70900E6D022 /* Mini2_test.app */ = {isa = PBXFileReference; explicitFileType = wrapper.application; includeInIndex = 0; path = Mini2_test.app; sourceTree = BUILT_PRODUCTS_DIR; };
		DC03E6F32C1AD70900E6D022 /* Mini2_testApp.swift */ = {isa = PBXFileReference; lastKnownFileType = sourcecode.swift; path = Mini2_testApp.swift; sourceTree = "<group>"; };
		DC03E6F52C1AD70900E6D022 /* ContentView.swift */ = {isa = PBXFileReference; lastKnownFileType = sourcecode.swift; path = ContentView.swift; sourceTree = "<group>"; };
		DC03E6F72C1AD70A00E6D022 /* Assets.xcassets */ = {isa = PBXFileReference; lastKnownFileType = folder.assetcatalog; path = Assets.xcassets; sourceTree = "<group>"; };
		DC03E6FA2C1AD70A00E6D022 /* Preview Assets.xcassets */ = {isa = PBXFileReference; lastKnownFileType = folder.assetcatalog; path = "Preview Assets.xcassets"; sourceTree = "<group>"; };
		DC03E7042C21C2D400E6D022 /* NutritionTargetView.swift */ = {isa = PBXFileReference; lastKnownFileType = sourcecode.swift; path = NutritionTargetView.swift; sourceTree = "<group>"; };
		DC03E7072C21D18D00E6D022 /* NutritionTargetTextView.swift */ = {isa = PBXFileReference; lastKnownFileType = sourcecode.swift; path = NutritionTargetTextView.swift; sourceTree = "<group>"; };
		DC03E7092C21DAD200E6D022 /* HomeView.swift */ = {isa = PBXFileReference; lastKnownFileType = sourcecode.swift; path = HomeView.swift; sourceTree = "<group>"; };
		DC03E70D2C21E31900E6D022 /* CircularProgressView.swift */ = {isa = PBXFileReference; lastKnownFileType = sourcecode.swift; path = CircularProgressView.swift; sourceTree = "<group>"; };
		DC03E7102C22C4B500E6D022 /* User.swift */ = {isa = PBXFileReference; lastKnownFileType = sourcecode.swift; path = User.swift; sourceTree = "<group>"; };
		DC03E7122C22C87100E6D022 /* Cat.swift */ = {isa = PBXFileReference; lastKnownFileType = sourcecode.swift; path = Cat.swift; sourceTree = "<group>"; };
		DC03E7142C22C8BB00E6D022 /* DailyNutrition.swift */ = {isa = PBXFileReference; lastKnownFileType = sourcecode.swift; path = DailyNutrition.swift; sourceTree = "<group>"; };
		DC03E7162C22C91000E6D022 /* Badge.swift */ = {isa = PBXFileReference; lastKnownFileType = sourcecode.swift; path = Badge.swift; sourceTree = "<group>"; };
		DC03E7182C241E3200E6D022 /* BadgesView.swift */ = {isa = PBXFileReference; lastKnownFileType = sourcecode.swift; path = BadgesView.swift; sourceTree = "<group>"; };
		DC594E862C29889D00C41A50 /* FoodInfo.swift */ = {isa = PBXFileReference; lastKnownFileType = sourcecode.swift; path = FoodInfo.swift; sourceTree = "<group>"; };
		DC594E882C2AB3DE00C41A50 /* CustomAlertView.swift */ = {isa = PBXFileReference; lastKnownFileType = sourcecode.swift; path = CustomAlertView.swift; sourceTree = "<group>"; };
		DC60B8C02C258AD500558D0E /* HalfCircularProgressView.swift */ = {isa = PBXFileReference; lastKnownFileType = sourcecode.swift; path = HalfCircularProgressView.swift; sourceTree = "<group>"; };
		DC60B8C22C25971500558D0E /* ToolBarIcon.swift */ = {isa = PBXFileReference; lastKnownFileType = sourcecode.swift; path = ToolBarIcon.swift; sourceTree = "<group>"; };
		DC60B8C42C27209200558D0E /* CustomButton.swift */ = {isa = PBXFileReference; lastKnownFileType = sourcecode.swift; path = CustomButton.swift; sourceTree = "<group>"; };
		DC6698212C294E1500F44BEF /* Challenge.swift */ = {isa = PBXFileReference; lastKnownFileType = sourcecode.swift; path = Challenge.swift; sourceTree = "<group>"; };
		DC6698252C29628B00F44BEF /* Nutrition.swift */ = {isa = PBXFileReference; lastKnownFileType = sourcecode.swift; path = Nutrition.swift; sourceTree = "<group>"; };
		DC8D03E82C288CAF00C64E5C /* ChallengeListItem.swift */ = {isa = PBXFileReference; lastKnownFileType = sourcecode.swift; path = ChallengeListItem.swift; sourceTree = "<group>"; };
		F883FEA82C2C1436003112AF /* OnboardingView.swift */ = {isa = PBXFileReference; lastKnownFileType = sourcecode.swift; path = OnboardingView.swift; sourceTree = "<group>"; };
/* End PBXFileReference section */

/* Begin PBXFrameworksBuildPhase section */
		DC03E6ED2C1AD70900E6D022 /* Frameworks */ = {
			isa = PBXFrameworksBuildPhase;
			buildActionMask = 2147483647;
			files = (
			);
			runOnlyForDeploymentPostprocessing = 0;
		};
/* End PBXFrameworksBuildPhase section */

/* Begin PBXGroup section */
		DC03E6E72C1AD70900E6D022 = {
			isa = PBXGroup;
			children = (
				DC03E6F22C1AD70900E6D022 /* Mini2_test */,
				DC03E6F12C1AD70900E6D022 /* Products */,
			);
			sourceTree = "<group>";
		};
		DC03E6F12C1AD70900E6D022 /* Products */ = {
			isa = PBXGroup;
			children = (
				DC03E6F02C1AD70900E6D022 /* Mini2_test.app */,
			);
			name = Products;
			sourceTree = "<group>";
		};
		DC03E6F22C1AD70900E6D022 /* Mini2_test */ = {
			isa = PBXGroup;
			children = (
				DC03E70F2C22C4A000E6D022 /* Model */,
				DC03E7062C21C2EF00E6D022 /* View */,
				DC03E6F32C1AD70900E6D022 /* Mini2_testApp.swift */,
				DC03E6F72C1AD70A00E6D022 /* Assets.xcassets */,
				DC03E6F92C1AD70A00E6D022 /* Preview Content */,
			);
			path = Mini2_test;
			sourceTree = "<group>";
		};
		DC03E6F92C1AD70A00E6D022 /* Preview Content */ = {
			isa = PBXGroup;
			children = (
				DC03E6FA2C1AD70A00E6D022 /* Preview Assets.xcassets */,
			);
			path = "Preview Content";
			sourceTree = "<group>";
		};
		DC03E7062C21C2EF00E6D022 /* View */ = {
			isa = PBXGroup;
			children = (
				DC03E70C2C21E2E800E6D022 /* Component */,
				DC03E70B2C21E2D500E6D022 /* Presenter */,
			);
			path = View;
			sourceTree = "<group>";
		};
		DC03E70B2C21E2D500E6D022 /* Presenter */ = {
			isa = PBXGroup;
			children = (
				DC03E7042C21C2D400E6D022 /* NutritionTargetView.swift */,
				DC03E6F52C1AD70900E6D022 /* ContentView.swift */,
				DC03E7072C21D18D00E6D022 /* NutritionTargetTextView.swift */,
				DC03E7092C21DAD200E6D022 /* HomeView.swift */,
				DC03E7182C241E3200E6D022 /* BadgesView.swift */,
				DC594E882C2AB3DE00C41A50 /* CustomAlertView.swift */,
				F883FEA82C2C1436003112AF /* OnboardingView.swift */,
			);
			path = Presenter;
			sourceTree = "<group>";
		};
		DC03E70C2C21E2E800E6D022 /* Component */ = {
			isa = PBXGroup;
			children = (
				DC03E70D2C21E31900E6D022 /* CircularProgressView.swift */,
				DC60B8C02C258AD500558D0E /* HalfCircularProgressView.swift */,
				DC60B8C22C25971500558D0E /* ToolBarIcon.swift */,
				DC60B8C42C27209200558D0E /* CustomButton.swift */,
				DC8D03E82C288CAF00C64E5C /* ChallengeListItem.swift */,
			);
			path = Component;
			sourceTree = "<group>";
		};
		DC03E70F2C22C4A000E6D022 /* Model */ = {
			isa = PBXGroup;
			children = (
				DC03E7102C22C4B500E6D022 /* User.swift */,
				DC03E7122C22C87100E6D022 /* Cat.swift */,
				DC03E7142C22C8BB00E6D022 /* DailyNutrition.swift */,
				DC03E7162C22C91000E6D022 /* Badge.swift */,
				DC6698212C294E1500F44BEF /* Challenge.swift */,
				DC6698252C29628B00F44BEF /* Nutrition.swift */,

				DC594E862C29889D00C41A50 /* FoodInfo.swift */,

			);
			path = Model;
			sourceTree = "<group>";
		};
/* End PBXGroup section */

/* Begin PBXNativeTarget section */
		DC03E6EF2C1AD70900E6D022 /* Mini2_test */ = {
			isa = PBXNativeTarget;
			buildConfigurationList = DC03E6FE2C1AD70A00E6D022 /* Build configuration list for PBXNativeTarget "Mini2_test" */;
			buildPhases = (
				DC03E6EC2C1AD70900E6D022 /* Sources */,
				DC03E6ED2C1AD70900E6D022 /* Frameworks */,
				DC03E6EE2C1AD70900E6D022 /* Resources */,
			);
			buildRules = (
			);
			dependencies = (
			);
			name = Mini2_test;
			packageProductDependencies = (
			);
			productName = Mini2_test;
			productReference = DC03E6F02C1AD70900E6D022 /* Mini2_test.app */;
			productType = "com.apple.product-type.application";
		};
/* End PBXNativeTarget section */

/* Begin PBXProject section */
		DC03E6E82C1AD70900E6D022 /* Project object */ = {
			isa = PBXProject;
			attributes = {
				BuildIndependentTargetsInParallel = 1;
				LastSwiftUpdateCheck = 1520;
				LastUpgradeCheck = 1520;
				TargetAttributes = {
					DC03E6EF2C1AD70900E6D022 = {
						CreatedOnToolsVersion = 15.2;
					};
				};
			};
			buildConfigurationList = DC03E6EB2C1AD70900E6D022 /* Build configuration list for PBXProject "Mini2_test" */;
			compatibilityVersion = "Xcode 14.0";
			developmentRegion = en;
			hasScannedForEncodings = 0;
			knownRegions = (
				en,
				Base,
			);
			mainGroup = DC03E6E72C1AD70900E6D022;
			packageReferences = (
			);
			productRefGroup = DC03E6F12C1AD70900E6D022 /* Products */;
			projectDirPath = "";
			projectRoot = "";
			targets = (
				DC03E6EF2C1AD70900E6D022 /* Mini2_test */,
			);
		};
/* End PBXProject section */

/* Begin PBXResourcesBuildPhase section */
		DC03E6EE2C1AD70900E6D022 /* Resources */ = {
			isa = PBXResourcesBuildPhase;
			buildActionMask = 2147483647;
			files = (
				DC03E6FB2C1AD70A00E6D022 /* Preview Assets.xcassets in Resources */,
				DC03E6F82C1AD70A00E6D022 /* Assets.xcassets in Resources */,
			);
			runOnlyForDeploymentPostprocessing = 0;
		};
/* End PBXResourcesBuildPhase section */

/* Begin PBXSourcesBuildPhase section */
		DC03E6EC2C1AD70900E6D022 /* Sources */ = {
			isa = PBXSourcesBuildPhase;
			buildActionMask = 2147483647;
			files = (
				DC03E6F62C1AD70900E6D022 /* ContentView.swift in Sources */,
				DC60B8C32C25971500558D0E /* ToolBarIcon.swift in Sources */,
				DC03E7172C22C91000E6D022 /* Badge.swift in Sources */,
				DC03E7052C21C2D400E6D022 /* NutritionTargetView.swift in Sources */,
				DC60B8C52C27209200558D0E /* CustomButton.swift in Sources */,
				DC03E6F42C1AD70900E6D022 /* Mini2_testApp.swift in Sources */,
				DC03E70A2C21DAD200E6D022 /* HomeView.swift in Sources */,
				DC594E872C29889D00C41A50 /* FoodInfo.swift in Sources */,
				DC60B8C12C258AD500558D0E /* HalfCircularProgressView.swift in Sources */,
				DC03E7132C22C87100E6D022 /* Cat.swift in Sources */,
				DC03E70E2C21E31900E6D022 /* CircularProgressView.swift in Sources */,
				DC03E7082C21D18D00E6D022 /* NutritionTargetTextView.swift in Sources */,
				DC03E7192C241E3200E6D022 /* BadgesView.swift in Sources */,
				F883FEA92C2C1436003112AF /* OnboardingView.swift in Sources */,
				DC03E7112C22C4B500E6D022 /* User.swift in Sources */,

				DC594E892C2AB3DE00C41A50 /* CustomAlertView.swift in Sources */,

				DC6698222C294E1500F44BEF /* Challenge.swift in Sources */,
				DC03E7152C22C8BB00E6D022 /* DailyNutrition.swift in Sources */,
				DC6698262C29628B00F44BEF /* Nutrition.swift in Sources */,
				DC8D03E92C288CAF00C64E5C /* ChallengeListItem.swift in Sources */,
			);
			runOnlyForDeploymentPostprocessing = 0;
		};
/* End PBXSourcesBuildPhase section */

/* Begin XCBuildConfiguration section */
		DC03E6FC2C1AD70A00E6D022 /* Debug */ = {
			isa = XCBuildConfiguration;
			buildSettings = {
				ALWAYS_SEARCH_USER_PATHS = NO;
				ASSETCATALOG_COMPILER_GENERATE_SWIFT_ASSET_SYMBOL_EXTENSIONS = YES;
				CLANG_ANALYZER_NONNULL = YES;
				CLANG_ANALYZER_NUMBER_OBJECT_CONVERSION = YES_AGGRESSIVE;
				CLANG_CXX_LANGUAGE_STANDARD = "gnu++20";
				CLANG_ENABLE_MODULES = YES;
				CLANG_ENABLE_OBJC_ARC = YES;
				CLANG_ENABLE_OBJC_WEAK = YES;
				CLANG_WARN_BLOCK_CAPTURE_AUTORELEASING = YES;
				CLANG_WARN_BOOL_CONVERSION = YES;
				CLANG_WARN_COMMA = YES;
				CLANG_WARN_CONSTANT_CONVERSION = YES;
				CLANG_WARN_DEPRECATED_OBJC_IMPLEMENTATIONS = YES;
				CLANG_WARN_DIRECT_OBJC_ISA_USAGE = YES_ERROR;
				CLANG_WARN_DOCUMENTATION_COMMENTS = YES;
				CLANG_WARN_EMPTY_BODY = YES;
				CLANG_WARN_ENUM_CONVERSION = YES;
				CLANG_WARN_INFINITE_RECURSION = YES;
				CLANG_WARN_INT_CONVERSION = YES;
				CLANG_WARN_NON_LITERAL_NULL_CONVERSION = YES;
				CLANG_WARN_OBJC_IMPLICIT_RETAIN_SELF = YES;
				CLANG_WARN_OBJC_LITERAL_CONVERSION = YES;
				CLANG_WARN_OBJC_ROOT_CLASS = YES_ERROR;
				CLANG_WARN_QUOTED_INCLUDE_IN_FRAMEWORK_HEADER = YES;
				CLANG_WARN_RANGE_LOOP_ANALYSIS = YES;
				CLANG_WARN_STRICT_PROTOTYPES = YES;
				CLANG_WARN_SUSPICIOUS_MOVE = YES;
				CLANG_WARN_UNGUARDED_AVAILABILITY = YES_AGGRESSIVE;
				CLANG_WARN_UNREACHABLE_CODE = YES;
				CLANG_WARN__DUPLICATE_METHOD_MATCH = YES;
				COPY_PHASE_STRIP = NO;
				DEBUG_INFORMATION_FORMAT = dwarf;
				ENABLE_STRICT_OBJC_MSGSEND = YES;
				ENABLE_TESTABILITY = YES;
				ENABLE_USER_SCRIPT_SANDBOXING = YES;
				GCC_C_LANGUAGE_STANDARD = gnu17;
				GCC_DYNAMIC_NO_PIC = NO;
				GCC_NO_COMMON_BLOCKS = YES;
				GCC_OPTIMIZATION_LEVEL = 0;
				GCC_PREPROCESSOR_DEFINITIONS = (
					"DEBUG=1",
					"$(inherited)",
				);
				GCC_WARN_64_TO_32_BIT_CONVERSION = YES;
				GCC_WARN_ABOUT_RETURN_TYPE = YES_ERROR;
				GCC_WARN_UNDECLARED_SELECTOR = YES;
				GCC_WARN_UNINITIALIZED_AUTOS = YES_AGGRESSIVE;
				GCC_WARN_UNUSED_FUNCTION = YES;
				GCC_WARN_UNUSED_VARIABLE = YES;
				IPHONEOS_DEPLOYMENT_TARGET = 17.2;
				LOCALIZATION_PREFERS_STRING_CATALOGS = YES;
				MTL_ENABLE_DEBUG_INFO = INCLUDE_SOURCE;
				MTL_FAST_MATH = YES;
				ONLY_ACTIVE_ARCH = YES;
				SDKROOT = iphoneos;
				SWIFT_ACTIVE_COMPILATION_CONDITIONS = "DEBUG $(inherited)";
				SWIFT_OPTIMIZATION_LEVEL = "-Onone";
			};
			name = Debug;
		};
		DC03E6FD2C1AD70A00E6D022 /* Release */ = {
			isa = XCBuildConfiguration;
			buildSettings = {
				ALWAYS_SEARCH_USER_PATHS = NO;
				ASSETCATALOG_COMPILER_GENERATE_SWIFT_ASSET_SYMBOL_EXTENSIONS = YES;
				CLANG_ANALYZER_NONNULL = YES;
				CLANG_ANALYZER_NUMBER_OBJECT_CONVERSION = YES_AGGRESSIVE;
				CLANG_CXX_LANGUAGE_STANDARD = "gnu++20";
				CLANG_ENABLE_MODULES = YES;
				CLANG_ENABLE_OBJC_ARC = YES;
				CLANG_ENABLE_OBJC_WEAK = YES;
				CLANG_WARN_BLOCK_CAPTURE_AUTORELEASING = YES;
				CLANG_WARN_BOOL_CONVERSION = YES;
				CLANG_WARN_COMMA = YES;
				CLANG_WARN_CONSTANT_CONVERSION = YES;
				CLANG_WARN_DEPRECATED_OBJC_IMPLEMENTATIONS = YES;
				CLANG_WARN_DIRECT_OBJC_ISA_USAGE = YES_ERROR;
				CLANG_WARN_DOCUMENTATION_COMMENTS = YES;
				CLANG_WARN_EMPTY_BODY = YES;
				CLANG_WARN_ENUM_CONVERSION = YES;
				CLANG_WARN_INFINITE_RECURSION = YES;
				CLANG_WARN_INT_CONVERSION = YES;
				CLANG_WARN_NON_LITERAL_NULL_CONVERSION = YES;
				CLANG_WARN_OBJC_IMPLICIT_RETAIN_SELF = YES;
				CLANG_WARN_OBJC_LITERAL_CONVERSION = YES;
				CLANG_WARN_OBJC_ROOT_CLASS = YES_ERROR;
				CLANG_WARN_QUOTED_INCLUDE_IN_FRAMEWORK_HEADER = YES;
				CLANG_WARN_RANGE_LOOP_ANALYSIS = YES;
				CLANG_WARN_STRICT_PROTOTYPES = YES;
				CLANG_WARN_SUSPICIOUS_MOVE = YES;
				CLANG_WARN_UNGUARDED_AVAILABILITY = YES_AGGRESSIVE;
				CLANG_WARN_UNREACHABLE_CODE = YES;
				CLANG_WARN__DUPLICATE_METHOD_MATCH = YES;
				COPY_PHASE_STRIP = NO;
				DEBUG_INFORMATION_FORMAT = "dwarf-with-dsym";
				ENABLE_NS_ASSERTIONS = NO;
				ENABLE_STRICT_OBJC_MSGSEND = YES;
				ENABLE_USER_SCRIPT_SANDBOXING = YES;
				GCC_C_LANGUAGE_STANDARD = gnu17;
				GCC_NO_COMMON_BLOCKS = YES;
				GCC_WARN_64_TO_32_BIT_CONVERSION = YES;
				GCC_WARN_ABOUT_RETURN_TYPE = YES_ERROR;
				GCC_WARN_UNDECLARED_SELECTOR = YES;
				GCC_WARN_UNINITIALIZED_AUTOS = YES_AGGRESSIVE;
				GCC_WARN_UNUSED_FUNCTION = YES;
				GCC_WARN_UNUSED_VARIABLE = YES;
				IPHONEOS_DEPLOYMENT_TARGET = 17.2;
				LOCALIZATION_PREFERS_STRING_CATALOGS = YES;
				MTL_ENABLE_DEBUG_INFO = NO;
				MTL_FAST_MATH = YES;
				SDKROOT = iphoneos;
				SWIFT_COMPILATION_MODE = wholemodule;
				VALIDATE_PRODUCT = YES;
			};
			name = Release;
		};
		DC03E6FF2C1AD70A00E6D022 /* Debug */ = {
			isa = XCBuildConfiguration;
			buildSettings = {
				ASSETCATALOG_COMPILER_APPICON_NAME = AppIcon;
				ASSETCATALOG_COMPILER_GLOBAL_ACCENT_COLOR_NAME = AccentColor;
				CODE_SIGN_STYLE = Automatic;
				CURRENT_PROJECT_VERSION = 1;
				DEVELOPMENT_ASSET_PATHS = "\"Mini2_test/Preview Content\"";
				DEVELOPMENT_TEAM = 3F3KZHGXN6;
				ENABLE_PREVIEWS = YES;
				GENERATE_INFOPLIST_FILE = YES;
				INFOPLIST_KEY_UIApplicationSceneManifest_Generation = YES;
				INFOPLIST_KEY_UIApplicationSupportsIndirectInputEvents = YES;
				INFOPLIST_KEY_UILaunchScreen_Generation = YES;
				INFOPLIST_KEY_UISupportedInterfaceOrientations_iPad = "UIInterfaceOrientationPortrait UIInterfaceOrientationPortraitUpsideDown UIInterfaceOrientationLandscapeLeft UIInterfaceOrientationLandscapeRight";
				INFOPLIST_KEY_UISupportedInterfaceOrientations_iPhone = "UIInterfaceOrientationPortrait UIInterfaceOrientationLandscapeLeft UIInterfaceOrientationLandscapeRight";
				LD_RUNPATH_SEARCH_PATHS = (
					"$(inherited)",
					"@executable_path/Frameworks",
				);
				MARKETING_VERSION = 1.0;
				PRODUCT_BUNDLE_IDENTIFIER = "jonathan.Mini2-test";
				PRODUCT_NAME = "$(TARGET_NAME)";
				SWIFT_EMIT_LOC_STRINGS = YES;
				SWIFT_VERSION = 5.0;
				TARGETED_DEVICE_FAMILY = "1,2";
			};
			name = Debug;
		};
		DC03E7002C1AD70A00E6D022 /* Release */ = {
			isa = XCBuildConfiguration;
			buildSettings = {
				ASSETCATALOG_COMPILER_APPICON_NAME = AppIcon;
				ASSETCATALOG_COMPILER_GLOBAL_ACCENT_COLOR_NAME = AccentColor;
				CODE_SIGN_STYLE = Automatic;
				CURRENT_PROJECT_VERSION = 1;
				DEVELOPMENT_ASSET_PATHS = "\"Mini2_test/Preview Content\"";
				DEVELOPMENT_TEAM = 3F3KZHGXN6;
				ENABLE_PREVIEWS = YES;
				GENERATE_INFOPLIST_FILE = YES;
				INFOPLIST_KEY_UIApplicationSceneManifest_Generation = YES;
				INFOPLIST_KEY_UIApplicationSupportsIndirectInputEvents = YES;
				INFOPLIST_KEY_UILaunchScreen_Generation = YES;
				INFOPLIST_KEY_UISupportedInterfaceOrientations_iPad = "UIInterfaceOrientationPortrait UIInterfaceOrientationPortraitUpsideDown UIInterfaceOrientationLandscapeLeft UIInterfaceOrientationLandscapeRight";
				INFOPLIST_KEY_UISupportedInterfaceOrientations_iPhone = "UIInterfaceOrientationPortrait UIInterfaceOrientationLandscapeLeft UIInterfaceOrientationLandscapeRight";
				LD_RUNPATH_SEARCH_PATHS = (
					"$(inherited)",
					"@executable_path/Frameworks",
				);
				MARKETING_VERSION = 1.0;
				PRODUCT_BUNDLE_IDENTIFIER = "jonathan.Mini2-test";
				PRODUCT_NAME = "$(TARGET_NAME)";
				SWIFT_EMIT_LOC_STRINGS = YES;
				SWIFT_VERSION = 5.0;
				TARGETED_DEVICE_FAMILY = "1,2";
			};
			name = Release;
		};
/* End XCBuildConfiguration section */

/* Begin XCConfigurationList section */
		DC03E6EB2C1AD70900E6D022 /* Build configuration list for PBXProject "Mini2_test" */ = {
			isa = XCConfigurationList;
			buildConfigurations = (
				DC03E6FC2C1AD70A00E6D022 /* Debug */,
				DC03E6FD2C1AD70A00E6D022 /* Release */,
			);
			defaultConfigurationIsVisible = 0;
			defaultConfigurationName = Release;
		};
		DC03E6FE2C1AD70A00E6D022 /* Build configuration list for PBXNativeTarget "Mini2_test" */ = {
			isa = XCConfigurationList;
			buildConfigurations = (
				DC03E6FF2C1AD70A00E6D022 /* Debug */,
				DC03E7002C1AD70A00E6D022 /* Release */,
			);
			defaultConfigurationIsVisible = 0;
			defaultConfigurationName = Release;
		};
/* End XCConfigurationList section */
	};
	rootObject = DC03E6E82C1AD70900E6D022 /* Project object */;
}
